
Microsoft Visual Studio Solution File, Format Version 12.00
# Visual Studio 14
VisualStudioVersion = 14.0.25123.0
MinimumVisualStudioVersion = 10.0.40219.1
Project("{FAE04EC0-301F-11D3-BF4B-00C04F79EFBC}") = "PrimeFactorsKata", "PrimeFactorsKata\PrimeFactorsKata.csproj", "{C778A407-DFB2-444E-AF1D-DDE1980FF67A}"
EndProject
Project("{FAE04EC0-301F-11D3-BF4B-00C04F79EFBC}") = "PrimeFactorsKataTest", "PrimeFactorsKataTest\PrimeFactorsKataTest.csproj", "{AD9ED54C-B507-42A9-850B-49D3388E7E32}"
EndProject
Global
	GlobalSection(SolutionConfigurationPlatforms) = preSolution
		Debug|Any CPU = Debug|Any CPU
		Release|Any CPU = Release|Any CPU
	EndGlobalSection
	GlobalSection(ProjectConfigurationPlatforms) = postSolution
		{C778A407-DFB2-444E-AF1D-DDE1980FF67A}.Debug|Any CPU.ActiveCfg = Debug|Any CPU
		{C778A407-DFB2-444E-AF1D-DDE1980FF67A}.Debug|Any CPU.Build.0 = Debug|Any CPU
		{C778A407-DFB2-444E-AF1D-DDE1980FF67A}.Release|Any CPU.ActiveCfg = Release|Any CPU
		{C778A407-DFB2-444E-AF1D-DDE1980FF67A}.Release|Any CPU.Build.0 = Release|Any CPU
		{AD9ED54C-B507-42A9-850B-49D3388E7E32}.Debug|Any CPU.ActiveCfg = Debug|Any CPU
		{AD9ED54C-B507-42A9-850B-49D3388E7E32}.Debug|Any CPU.Build.0 = Debug|Any CPU
		{AD9ED54C-B507-42A9-850B-49D3388E7E32}.Release|Any CPU.ActiveCfg = Release|Any CPU
		{AD9ED54C-B507-42A9-850B-49D3388E7E32}.Release|Any CPU.Build.0 = Release|Any CPU
	EndGlobalSection
	GlobalSection(SolutionProperties) = preSolution
		HideSolutionNode = FALSE
	EndGlobalSection
EndGlobal
